
Microsoft Visual Studio Solution File, Format Version 12.00
# Visual Studio Version 17
VisualStudioVersion = 17.4.33122.133
MinimumVisualStudioVersion = 10.0.40219.1
Project("{8BC9CEB8-8B4A-11D0-8D11-00A0C91BC942}") = "HW_4.OOP", "HW_4.OOP\HW_4.OOP.vcxproj", "{EFE1A6FD-C16B-4A66-85CC-BBCF9FD155B1}"
EndProject
Global
	GlobalSection(SolutionConfigurationPlatforms) = preSolution
		Debug|x64 = Debug|x64
		Debug|x86 = Debug|x86
		Release|x64 = Release|x64
		Release|x86 = Release|x86
	EndGlobalSection
	GlobalSection(ProjectConfigurationPlatforms) = postSolution
		{EFE1A6FD-C16B-4A66-85CC-BBCF9FD155B1}.Debug|x64.ActiveCfg = Debug|x64
		{EFE1A6FD-C16B-4A66-85CC-BBCF9FD155B1}.Debug|x64.Build.0 = Debug|x64
		{EFE1A6FD-C16B-4A66-85CC-BBCF9FD155B1}.Debug|x86.ActiveCfg = Debug|Win32
		{EFE1A6FD-C16B-4A66-85CC-BBCF9FD155B1}.Debug|x86.Build.0 = Debug|Win32
		{EFE1A6FD-C16B-4A66-85CC-BBCF9FD155B1}.Release|x64.ActiveCfg = Release|x64
		{EFE1A6FD-C16B-4A66-85CC-BBCF9FD155B1}.Release|x64.Build.0 = Release|x64
		{EFE1A6FD-C16B-4A66-85CC-BBCF9FD155B1}.Release|x86.ActiveCfg = Release|Win32
		{EFE1A6FD-C16B-4A66-85CC-BBCF9FD155B1}.Release|x86.Build.0 = Release|Win32
	EndGlobalSection
	GlobalSection(SolutionProperties) = preSolution
		HideSolutionNode = FALSE
	EndGlobalSection
	GlobalSection(ExtensibilityGlobals) = postSolution
		SolutionGuid = {DF84831A-EE46-40C8-A435-EA2E51430EBD}
	EndGlobalSection
EndGlobal
